
Microsoft Visual Studio Solution File, Format Version 12.00
Project("{FAE04EC0-301F-11D3-BF4B-00C04F79EFBC}") = "Sandbox", "Sandbox\Sandbox.csproj", "{984591CE-F8A5-457C-98A3-9A7036C626A7}"
EndProject
Project("{FAE04EC0-301F-11D3-BF4B-00C04F79EFBC}") = "Medion.Core", "Medion.Core\Medion.Core.csproj", "{DA668608-27B1-4C10-A060-E16EF63967BB}"
EndProject
Project("{FAE04EC0-301F-11D3-BF4B-00C04F79EFBC}") = "Medion.Upsert", "Medion.Upsert\Medion.Upsert.csproj", "{EC13A927-EB26-43D3-9895-BA8B3C3DFD0F}"
EndProject
Project("{FAE04EC0-301F-11D3-BF4B-00C04F79EFBC}") = "Medion.DynamicServiceProvider", "Medion.DynamicServiceProvider\Medion.DynamicServiceProvider.csproj", "{D15E161C-F23B-4AB8-973C-26614EA0E415}"
EndProject
Global
	GlobalSection(SolutionConfigurationPlatforms) = preSolution
		Debug|Any CPU = Debug|Any CPU
		Release|Any CPU = Release|Any CPU
	EndGlobalSection
	GlobalSection(ProjectConfigurationPlatforms) = postSolution
		{984591CE-F8A5-457C-98A3-9A7036C626A7}.Debug|Any CPU.ActiveCfg = Debug|Any CPU
		{984591CE-F8A5-457C-98A3-9A7036C626A7}.Debug|Any CPU.Build.0 = Debug|Any CPU
		{984591CE-F8A5-457C-98A3-9A7036C626A7}.Release|Any CPU.ActiveCfg = Release|Any CPU
		{984591CE-F8A5-457C-98A3-9A7036C626A7}.Release|Any CPU.Build.0 = Release|Any CPU
		{DA668608-27B1-4C10-A060-E16EF63967BB}.Debug|Any CPU.ActiveCfg = Debug|Any CPU
		{DA668608-27B1-4C10-A060-E16EF63967BB}.Debug|Any CPU.Build.0 = Debug|Any CPU
		{DA668608-27B1-4C10-A060-E16EF63967BB}.Release|Any CPU.ActiveCfg = Release|Any CPU
		{DA668608-27B1-4C10-A060-E16EF63967BB}.Release|Any CPU.Build.0 = Release|Any CPU
		{EC13A927-EB26-43D3-9895-BA8B3C3DFD0F}.Debug|Any CPU.ActiveCfg = Debug|Any CPU
		{EC13A927-EB26-43D3-9895-BA8B3C3DFD0F}.Debug|Any CPU.Build.0 = Debug|Any CPU
		{EC13A927-EB26-43D3-9895-BA8B3C3DFD0F}.Release|Any CPU.ActiveCfg = Release|Any CPU
		{EC13A927-EB26-43D3-9895-BA8B3C3DFD0F}.Release|Any CPU.Build.0 = Release|Any CPU
		{D15E161C-F23B-4AB8-973C-26614EA0E415}.Debug|Any CPU.ActiveCfg = Debug|Any CPU
		{D15E161C-F23B-4AB8-973C-26614EA0E415}.Debug|Any CPU.Build.0 = Debug|Any CPU
		{D15E161C-F23B-4AB8-973C-26614EA0E415}.Release|Any CPU.ActiveCfg = Release|Any CPU
		{D15E161C-F23B-4AB8-973C-26614EA0E415}.Release|Any CPU.Build.0 = Release|Any CPU
	EndGlobalSection
EndGlobal
